
Microsoft Visual Studio Solution File, Format Version 12.00
Project("{FAE04EC0-301F-11D3-BF4B-00C04F79EFBC}") = "toimi.core", "src\toimi.core\toimi.core.csproj", "{8F70CAB8-9DA1-4050-AD20-310DAF4A2076}"
EndProject
Project("{FAE04EC0-301F-11D3-BF4B-00C04F79EFBC}") = "toimi.web", "src\toimi.web\toimi.web.csproj", "{B4B42394-61B7-4218-9C91-D7E1A1063351}"
EndProject
Project("{FAE04EC0-301F-11D3-BF4B-00C04F79EFBC}") = "toimi.tools.muistio", "src\toimi.tools.muistio\toimi.tools.muistio.csproj", "{77ACBD0E-40EF-4F75-A080-4A1B834AF1B4}"
EndProject
Project("{2150E333-8FDC-42A3-9474-1A3956D46DE8}") = "src", "src", "{827E0CD3-B72D-47B6-A68D-7590B98EB39B}"
EndProject
Project("{FAE04EC0-301F-11D3-BF4B-00C04F79EFBC}") = "toimi.tools.muistutin", "src\toimi.tools.muistutin\toimi.tools.muistutin.csproj", "{32A0D091-810E-4BB5-B523-7A9E7F0B5769}"
EndProject
Project("{FAE04EC0-301F-11D3-BF4B-00C04F79EFBC}") = "toimi.tools.taidot", "src\toimi.tools.taidot\toimi.tools.taidot.csproj", "{80597F59-148A-47BE-8166-3F49CA18E467}"
EndProject
Project("{FAE04EC0-301F-11D3-BF4B-00C04F79EFBC}") = "toimi.tools.ajastin", "src\toimi.tools.ajastin\toimi.tools.ajastin.csproj", "{F4DF5FCF-E04E-4984-94B2-2265415E8A4B}"
EndProject
Project("{FAE04EC0-301F-11D3-BF4B-00C04F79EFBC}") = "toimi.tools.koti", "src\toimi.tools.koti\toimi.tools.koti.csproj", "{0C504576-F0E5-4563-B377-7108718B8633}"
EndProject
Project("{FAE04EC0-301F-11D3-BF4B-00C04F79EFBC}") = "toimi.tools.verkko", "src\toimi.tools.verkko\toimi.tools.verkko.csproj", "{5F1CA670-4CCD-402B-A6B5-67881BF9442C}"
EndProject
Project("{FAE04EC0-301F-11D3-BF4B-00C04F79EFBC}") = "toimi.notifications", "src\toimi.notifications\toimi.notifications.csproj", "{CD519189-4CCD-41E7-A109-FBB750B95C74}"
EndProject
Global
	GlobalSection(SolutionConfigurationPlatforms) = preSolution
		Debug|Any CPU = Debug|Any CPU
		Debug|x64 = Debug|x64
		Debug|x86 = Debug|x86
		Release|Any CPU = Release|Any CPU
		Release|x64 = Release|x64
		Release|x86 = Release|x86
	EndGlobalSection
	GlobalSection(ProjectConfigurationPlatforms) = postSolution
		{8F70CAB8-9DA1-4050-AD20-310DAF4A2076}.Debug|Any CPU.ActiveCfg = Debug|Any CPU
		{8F70CAB8-9DA1-4050-AD20-310DAF4A2076}.Debug|Any CPU.Build.0 = Debug|Any CPU
		{8F70CAB8-9DA1-4050-AD20-310DAF4A2076}.Debug|x64.ActiveCfg = Debug|Any CPU
		{8F70CAB8-9DA1-4050-AD20-310DAF4A2076}.Debug|x64.Build.0 = Debug|Any CPU
		{8F70CAB8-9DA1-4050-AD20-310DAF4A2076}.Debug|x86.ActiveCfg = Debug|Any CPU
		{8F70CAB8-9DA1-4050-AD20-310DAF4A2076}.Debug|x86.Build.0 = Debug|Any CPU
		{8F70CAB8-9DA1-4050-AD20-310DAF4A2076}.Release|Any CPU.ActiveCfg = Release|Any CPU
		{8F70CAB8-9DA1-4050-AD20-310DAF4A2076}.Release|Any CPU.Build.0 = Release|Any CPU
		{8F70CAB8-9DA1-4050-AD20-310DAF4A2076}.Release|x64.ActiveCfg = Release|Any CPU
		{8F70CAB8-9DA1-4050-AD20-310DAF4A2076}.Release|x64.Build.0 = Release|Any CPU
		{8F70CAB8-9DA1-4050-AD20-310DAF4A2076}.Release|x86.ActiveCfg = Release|Any CPU
		{8F70CAB8-9DA1-4050-AD20-310DAF4A2076}.Release|x86.Build.0 = Release|Any CPU
		{B4B42394-61B7-4218-9C91-D7E1A1063351}.Debug|Any CPU.ActiveCfg = Debug|Any CPU
		{B4B42394-61B7-4218-9C91-D7E1A1063351}.Debug|Any CPU.Build.0 = Debug|Any CPU
		{B4B42394-61B7-4218-9C91-D7E1A1063351}.Debug|x64.ActiveCfg = Debug|Any CPU
		{B4B42394-61B7-4218-9C91-D7E1A1063351}.Debug|x64.Build.0 = Debug|Any CPU
		{B4B42394-61B7-4218-9C91-D7E1A1063351}.Debug|x86.ActiveCfg = Debug|Any CPU
		{B4B42394-61B7-4218-9C91-D7E1A1063351}.Debug|x86.Build.0 = Debug|Any CPU
		{B4B42394-61B7-4218-9C91-D7E1A1063351}.Release|Any CPU.ActiveCfg = Release|Any CPU
		{B4B42394-61B7-4218-9C91-D7E1A1063351}.Release|Any CPU.Build.0 = Release|Any CPU
		{B4B42394-61B7-4218-9C91-D7E1A1063351}.Release|x64.ActiveCfg = Release|Any CPU
		{B4B42394-61B7-4218-9C91-D7E1A1063351}.Release|x64.Build.0 = Release|Any CPU
		{B4B42394-61B7-4218-9C91-D7E1A1063351}.Release|x86.ActiveCfg = Release|Any CPU
		{B4B42394-61B7-4218-9C91-D7E1A1063351}.Release|x86.Build.0 = Release|Any CPU
		{77ACBD0E-40EF-4F75-A080-4A1B834AF1B4}.Debug|Any CPU.ActiveCfg = Debug|Any CPU
		{77ACBD0E-40EF-4F75-A080-4A1B834AF1B4}.Debug|Any CPU.Build.0 = Debug|Any CPU
		{77ACBD0E-40EF-4F75-A080-4A1B834AF1B4}.Debug|x64.ActiveCfg = Debug|Any CPU
		{77ACBD0E-40EF-4F75-A080-4A1B834AF1B4}.Debug|x64.Build.0 = Debug|Any CPU
		{77ACBD0E-40EF-4F75-A080-4A1B834AF1B4}.Debug|x86.ActiveCfg = Debug|Any CPU
		{77ACBD0E-40EF-4F75-A080-4A1B834AF1B4}.Debug|x86.Build.0 = Debug|Any CPU
		{77ACBD0E-40EF-4F75-A080-4A1B834AF1B4}.Release|Any CPU.ActiveCfg = Release|Any CPU
		{77ACBD0E-40EF-4F75-A080-4A1B834AF1B4}.Release|Any CPU.Build.0 = Release|Any CPU
		{77ACBD0E-40EF-4F75-A080-4A1B834AF1B4}.Release|x64.ActiveCfg = Release|Any CPU
		{77ACBD0E-40EF-4F75-A080-4A1B834AF1B4}.Release|x64.Build.0 = Release|Any CPU
		{77ACBD0E-40EF-4F75-A080-4A1B834AF1B4}.Release|x86.ActiveCfg = Release|Any CPU
		{77ACBD0E-40EF-4F75-A080-4A1B834AF1B4}.Release|x86.Build.0 = Release|Any CPU
		{32A0D091-810E-4BB5-B523-7A9E7F0B5769}.Debug|Any CPU.ActiveCfg = Debug|Any CPU
		{32A0D091-810E-4BB5-B523-7A9E7F0B5769}.Debug|Any CPU.Build.0 = Debug|Any CPU
		{32A0D091-810E-4BB5-B523-7A9E7F0B5769}.Debug|x64.ActiveCfg = Debug|Any CPU
		{32A0D091-810E-4BB5-B523-7A9E7F0B5769}.Debug|x64.Build.0 = Debug|Any CPU
		{32A0D091-810E-4BB5-B523-7A9E7F0B5769}.Debug|x86.ActiveCfg = Debug|Any CPU
		{32A0D091-810E-4BB5-B523-7A9E7F0B5769}.Debug|x86.Build.0 = Debug|Any CPU
		{32A0D091-810E-4BB5-B523-7A9E7F0B5769}.Release|Any CPU.ActiveCfg = Release|Any CPU
		{32A0D091-810E-4BB5-B523-7A9E7F0B5769}.Release|Any CPU.Build.0 = Release|Any CPU
		{32A0D091-810E-4BB5-B523-7A9E7F0B5769}.Release|x64.ActiveCfg = Release|Any CPU
		{32A0D091-810E-4BB5-B523-7A9E7F0B5769}.Release|x64.Build.0 = Release|Any CPU
		{32A0D091-810E-4BB5-B523-7A9E7F0B5769}.Release|x86.ActiveCfg = Release|Any CPU
		{32A0D091-810E-4BB5-B523-7A9E7F0B5769}.Release|x86.Build.0 = Release|Any CPU
		{80597F59-148A-47BE-8166-3F49CA18E467}.Debug|Any CPU.ActiveCfg = Debug|Any CPU
		{80597F59-148A-47BE-8166-3F49CA18E467}.Debug|Any CPU.Build.0 = Debug|Any CPU
		{80597F59-148A-47BE-8166-3F49CA18E467}.Debug|x64.ActiveCfg = Debug|Any CPU
		{80597F59-148A-47BE-8166-3F49CA18E467}.Debug|x64.Build.0 = Debug|Any CPU
		{80597F59-148A-47BE-8166-3F49CA18E467}.Debug|x86.ActiveCfg = Debug|Any CPU
		{80597F59-148A-47BE-8166-3F49CA18E467}.Debug|x86.Build.0 = Debug|Any CPU
		{80597F59-148A-47BE-8166-3F49CA18E467}.Release|Any CPU.ActiveCfg = Release|Any CPU
		{80597F59-148A-47BE-8166-3F49CA18E467}.Release|Any CPU.Build.0 = Release|Any CPU
		{80597F59-148A-47BE-8166-3F49CA18E467}.Release|x64.ActiveCfg = Release|Any CPU
		{80597F59-148A-47BE-8166-3F49CA18E467}.Release|x64.Build.0 = Release|Any CPU
		{80597F59-148A-47BE-8166-3F49CA18E467}.Release|x86.ActiveCfg = Release|Any CPU
		{80597F59-148A-47BE-8166-3F49CA18E467}.Release|x86.Build.0 = Release|Any CPU
		{F4DF5FCF-E04E-4984-94B2-2265415E8A4B}.Debug|Any CPU.ActiveCfg = Debug|Any CPU
		{F4DF5FCF-E04E-4984-94B2-2265415E8A4B}.Debug|Any CPU.Build.0 = Debug|Any CPU
		{F4DF5FCF-E04E-4984-94B2-2265415E8A4B}.Debug|x64.ActiveCfg = Debug|Any CPU
		{F4DF5FCF-E04E-4984-94B2-2265415E8A4B}.Debug|x64.Build.0 = Debug|Any CPU
		{F4DF5FCF-E04E-4984-94B2-2265415E8A4B}.Debug|x86.ActiveCfg = Debug|Any CPU
		{F4DF5FCF-E04E-4984-94B2-2265415E8A4B}.Debug|x86.Build.0 = Debug|Any CPU
		{F4DF5FCF-E04E-4984-94B2-2265415E8A4B}.Release|Any CPU.ActiveCfg = Release|Any CPU
		{F4DF5FCF-E04E-4984-94B2-2265415E8A4B}.Release|Any CPU.Build.0 = Release|Any CPU
		{F4DF5FCF-E04E-4984-94B2-2265415E8A4B}.Release|x64.ActiveCfg = Release|Any CPU
		{F4DF5FCF-E04E-4984-94B2-2265415E8A4B}.Release|x64.Build.0 = Release|Any CPU
		{F4DF5FCF-E04E-4984-94B2-2265415E8A4B}.Release|x86.ActiveCfg = Release|Any CPU
		{F4DF5FCF-E04E-4984-94B2-2265415E8A4B}.Release|x86.Build.0 = Release|Any CPU
		{0C504576-F0E5-4563-B377-7108718B8633}.Debug|Any CPU.ActiveCfg = Debug|Any CPU
		{0C504576-F0E5-4563-B377-7108718B8633}.Debug|Any CPU.Build.0 = Debug|Any CPU
		{0C504576-F0E5-4563-B377-7108718B8633}.Debug|x64.ActiveCfg = Debug|Any CPU
		{0C504576-F0E5-4563-B377-7108718B8633}.Debug|x64.Build.0 = Debug|Any CPU
		{0C504576-F0E5-4563-B377-7108718B8633}.Debug|x86.ActiveCfg = Debug|Any CPU
		{0C504576-F0E5-4563-B377-7108718B8633}.Debug|x86.Build.0 = Debug|Any CPU
		{0C504576-F0E5-4563-B377-7108718B8633}.Release|Any CPU.ActiveCfg = Release|Any CPU
		{0C504576-F0E5-4563-B377-7108718B8633}.Release|Any CPU.Build.0 = Release|Any CPU
		{0C504576-F0E5-4563-B377-7108718B8633}.Release|x64.ActiveCfg = Release|Any CPU
		{0C504576-F0E5-4563-B377-7108718B8633}.Release|x64.Build.0 = Release|Any CPU
		{0C504576-F0E5-4563-B377-7108718B8633}.Release|x86.ActiveCfg = Release|Any CPU
		{0C504576-F0E5-4563-B377-7108718B8633}.Release|x86.Build.0 = Release|Any CPU
		{5F1CA670-4CCD-402B-A6B5-67881BF9442C}.Debug|Any CPU.ActiveCfg = Debug|Any CPU
		{5F1CA670-4CCD-402B-A6B5-67881BF9442C}.Debug|Any CPU.Build.0 = Debug|Any CPU
		{5F1CA670-4CCD-402B-A6B5-67881BF9442C}.Debug|x64.ActiveCfg = Debug|Any CPU
		{5F1CA670-4CCD-402B-A6B5-67881BF9442C}.Debug|x64.Build.0 = Debug|Any CPU
		{5F1CA670-4CCD-402B-A6B5-67881BF9442C}.Debug|x86.ActiveCfg = Debug|Any CPU
		{5F1CA670-4CCD-402B-A6B5-67881BF9442C}.Debug|x86.Build.0 = Debug|Any CPU
		{5F1CA670-4CCD-402B-A6B5-67881BF9442C}.Release|Any CPU.ActiveCfg = Release|Any CPU
		{5F1CA670-4CCD-402B-A6B5-67881BF9442C}.Release|Any CPU.Build.0 = Release|Any CPU
		{5F1CA670-4CCD-402B-A6B5-67881BF9442C}.Release|x64.ActiveCfg = Release|Any CPU
		{5F1CA670-4CCD-402B-A6B5-67881BF9442C}.Release|x64.Build.0 = Release|Any CPU
		{5F1CA670-4CCD-402B-A6B5-67881BF9442C}.Release|x86.ActiveCfg = Release|Any CPU
		{5F1CA670-4CCD-402B-A6B5-67881BF9442C}.Release|x86.Build.0 = Release|Any CPU
		{CD519189-4CCD-41E7-A109-FBB750B95C74}.Debug|Any CPU.ActiveCfg = Debug|Any CPU
		{CD519189-4CCD-41E7-A109-FBB750B95C74}.Debug|Any CPU.Build.0 = Debug|Any CPU
		{CD519189-4CCD-41E7-A109-FBB750B95C74}.Debug|x64.ActiveCfg = Debug|Any CPU
		{CD519189-4CCD-41E7-A109-FBB750B95C74}.Debug|x64.Build.0 = Debug|Any CPU
		{CD519189-4CCD-41E7-A109-FBB750B95C74}.Debug|x86.ActiveCfg = Debug|Any CPU
		{CD519189-4CCD-41E7-A109-FBB750B95C74}.Debug|x86.Build.0 = Debug|Any CPU
		{CD519189-4CCD-41E7-A109-FBB750B95C74}.Release|Any CPU.ActiveCfg = Release|Any CPU
		{CD519189-4CCD-41E7-A109-FBB750B95C74}.Release|Any CPU.Build.0 = Release|Any CPU
		{CD519189-4CCD-41E7-A109-FBB750B95C74}.Release|x64.ActiveCfg = Release|Any CPU
		{CD519189-4CCD-41E7-A109-FBB750B95C74}.Release|x64.Build.0 = Release|Any CPU
		{CD519189-4CCD-41E7-A109-FBB750B95C74}.Release|x86.ActiveCfg = Release|Any CPU
		{CD519189-4CCD-41E7-A109-FBB750B95C74}.Release|x86.Build.0 = Release|Any CPU
	EndGlobalSection
	GlobalSection(SolutionProperties) = preSolution
		HideSolutionNode = FALSE
	EndGlobalSection
	GlobalSection(NestedProjects) = preSolution
		{32A0D091-810E-4BB5-B523-7A9E7F0B5769} = {827E0CD3-B72D-47B6-A68D-7590B98EB39B}
		{80597F59-148A-47BE-8166-3F49CA18E467} = {827E0CD3-B72D-47B6-A68D-7590B98EB39B}
		{F4DF5FCF-E04E-4984-94B2-2265415E8A4B} = {827E0CD3-B72D-47B6-A68D-7590B98EB39B}
		{0C504576-F0E5-4563-B377-7108718B8633} = {827E0CD3-B72D-47B6-A68D-7590B98EB39B}
		{5F1CA670-4CCD-402B-A6B5-67881BF9442C} = {827E0CD3-B72D-47B6-A68D-7590B98EB39B}
		{CD519189-4CCD-41E7-A109-FBB750B95C74} = {827E0CD3-B72D-47B6-A68D-7590B98EB39B}
	EndGlobalSection
EndGlobal
