
Microsoft Visual Studio Solution File, Format Version 12.00
Project("{FAE04EC0-301F-11D3-BF4B-00C04F79EFBC}") = "toimi.core", "src\toimi.core\toimi.core.csproj", "{8F70CAB8-9DA1-4050-AD20-310DAF4A2076}"
EndProject
Project("{FAE04EC0-301F-11D3-BF4B-00C04F79EFBC}") = "toimi.web", "src\toimi.web\toimi.web.csproj", "{B4B42394-61B7-4218-9C91-D7E1A1063351}"
EndProject
Project("{2150E333-8FDC-42A3-9474-1A3956D46DE8}") = "src", "src", "{827E0CD3-B72D-47B6-A68D-7590B98EB39B}"
EndProject
Project("{FAE04EC0-301F-11D3-BF4B-00C04F79EFBC}") = "toimi.tools.ruutu", "src\toimi.tools.ruutu\toimi.tools.ruutu.csproj", "{C4C91449-6684-4E56-8577-49F99CD78E5D}"
EndProject
Project("{FAE04EC0-301F-11D3-BF4B-00C04F79EFBC}") = "toimi.tools.ruutu.Tests", "src\toimi.tools.ruutu.Tests\toimi.tools.ruutu.Tests.csproj", "{D5DA2558-7795-4F67-8688-5AD9B0A7B6E6}"
EndProject
Project("{FAE04EC0-301F-11D3-BF4B-00C04F79EFBC}") = "toimi.tools.koti", "src\toimi.tools.koti\toimi.tools.koti.csproj", "{0C504576-F0E5-4563-B377-7108718B8633}"
EndProject
Project("{FAE04EC0-301F-11D3-BF4B-00C04F79EFBC}") = "toimi.tools.verkko", "src\toimi.tools.verkko\toimi.tools.verkko.csproj", "{5F1CA670-4CCD-402B-A6B5-67881BF9442C}"
EndProject
Project("{FAE04EC0-301F-11D3-BF4B-00C04F79EFBC}") = "toimi.notifications", "src\toimi.notifications\toimi.notifications.csproj", "{CD519189-4CCD-41E7-A109-FBB750B95C74}"
EndProject
Project("{FAE04EC0-301F-11D3-BF4B-00C04F79EFBC}") = "toimi.web.Tests", "src\toimi.web.Tests\toimi.web.Tests.csproj", "{BBC859C3-751D-46EF-97C3-4038DAB4293C}"
EndProject
Project("{FAE04EC0-301F-11D3-BF4B-00C04F79EFBC}") = "toimi.tools.tietue", "src\toimi.tools.tietue\toimi.tools.tietue.csproj", "{3ADECBCC-8E39-46C3-B9FC-FDE93C15FACD}"
EndProject
Project("{FAE04EC0-301F-11D3-BF4B-00C04F79EFBC}") = "toimi.tools.tietue.Tests", "src\toimi.tools.tietue.Tests\toimi.tools.tietue.Tests.csproj", "{8D0A2AE4-4BEA-45B6-8D2D-BBB0DDF9964E}"
EndProject
Project("{FAE04EC0-301F-11D3-BF4B-00C04F79EFBC}") = "toimi.tools.verkko.Tests", "src\toimi.tools.verkko.Tests\toimi.tools.verkko.Tests.csproj", "{F5F6E55D-30B1-40C3-A71A-CEE2540EC10B}"
EndProject
Global
	GlobalSection(SolutionConfigurationPlatforms) = preSolution
		Debug|Any CPU = Debug|Any CPU
		Debug|x64 = Debug|x64
		Debug|x86 = Debug|x86
		Release|Any CPU = Release|Any CPU
		Release|x64 = Release|x64
		Release|x86 = Release|x86
	EndGlobalSection
	GlobalSection(ProjectConfigurationPlatforms) = postSolution
		{8F70CAB8-9DA1-4050-AD20-310DAF4A2076}.Debug|Any CPU.ActiveCfg = Debug|Any CPU
		{8F70CAB8-9DA1-4050-AD20-310DAF4A2076}.Debug|Any CPU.Build.0 = Debug|Any CPU
		{8F70CAB8-9DA1-4050-AD20-310DAF4A2076}.Debug|x64.ActiveCfg = Debug|Any CPU
		{8F70CAB8-9DA1-4050-AD20-310DAF4A2076}.Debug|x64.Build.0 = Debug|Any CPU
		{8F70CAB8-9DA1-4050-AD20-310DAF4A2076}.Debug|x86.ActiveCfg = Debug|Any CPU
		{8F70CAB8-9DA1-4050-AD20-310DAF4A2076}.Debug|x86.Build.0 = Debug|Any CPU
		{8F70CAB8-9DA1-4050-AD20-310DAF4A2076}.Release|Any CPU.ActiveCfg = Release|Any CPU
		{8F70CAB8-9DA1-4050-AD20-310DAF4A2076}.Release|Any CPU.Build.0 = Release|Any CPU
		{8F70CAB8-9DA1-4050-AD20-310DAF4A2076}.Release|x64.ActiveCfg = Release|Any CPU
		{8F70CAB8-9DA1-4050-AD20-310DAF4A2076}.Release|x64.Build.0 = Release|Any CPU
		{8F70CAB8-9DA1-4050-AD20-310DAF4A2076}.Release|x86.ActiveCfg = Release|Any CPU
		{8F70CAB8-9DA1-4050-AD20-310DAF4A2076}.Release|x86.Build.0 = Release|Any CPU
		{B4B42394-61B7-4218-9C91-D7E1A1063351}.Debug|Any CPU.ActiveCfg = Debug|Any CPU
		{B4B42394-61B7-4218-9C91-D7E1A1063351}.Debug|Any CPU.Build.0 = Debug|Any CPU
		{B4B42394-61B7-4218-9C91-D7E1A1063351}.Debug|x64.ActiveCfg = Debug|Any CPU
		{B4B42394-61B7-4218-9C91-D7E1A1063351}.Debug|x64.Build.0 = Debug|Any CPU
		{B4B42394-61B7-4218-9C91-D7E1A1063351}.Debug|x86.ActiveCfg = Debug|Any CPU
		{B4B42394-61B7-4218-9C91-D7E1A1063351}.Debug|x86.Build.0 = Debug|Any CPU
		{B4B42394-61B7-4218-9C91-D7E1A1063351}.Release|Any CPU.ActiveCfg = Release|Any CPU
		{B4B42394-61B7-4218-9C91-D7E1A1063351}.Release|Any CPU.Build.0 = Release|Any CPU
		{B4B42394-61B7-4218-9C91-D7E1A1063351}.Release|x64.ActiveCfg = Release|Any CPU
		{B4B42394-61B7-4218-9C91-D7E1A1063351}.Release|x64.Build.0 = Release|Any CPU
		{B4B42394-61B7-4218-9C91-D7E1A1063351}.Release|x86.ActiveCfg = Release|Any CPU
		{B4B42394-61B7-4218-9C91-D7E1A1063351}.Release|x86.Build.0 = Release|Any CPU
		{C4C91449-6684-4E56-8577-49F99CD78E5D}.Debug|Any CPU.ActiveCfg = Debug|Any CPU
		{C4C91449-6684-4E56-8577-49F99CD78E5D}.Debug|Any CPU.Build.0 = Debug|Any CPU
		{C4C91449-6684-4E56-8577-49F99CD78E5D}.Debug|x64.ActiveCfg = Debug|Any CPU
		{C4C91449-6684-4E56-8577-49F99CD78E5D}.Debug|x64.Build.0 = Debug|Any CPU
		{C4C91449-6684-4E56-8577-49F99CD78E5D}.Debug|x86.ActiveCfg = Debug|Any CPU
		{C4C91449-6684-4E56-8577-49F99CD78E5D}.Debug|x86.Build.0 = Debug|Any CPU
		{C4C91449-6684-4E56-8577-49F99CD78E5D}.Release|Any CPU.ActiveCfg = Release|Any CPU
		{C4C91449-6684-4E56-8577-49F99CD78E5D}.Release|Any CPU.Build.0 = Release|Any CPU
		{C4C91449-6684-4E56-8577-49F99CD78E5D}.Release|x64.ActiveCfg = Release|Any CPU
		{C4C91449-6684-4E56-8577-49F99CD78E5D}.Release|x64.Build.0 = Release|Any CPU
		{C4C91449-6684-4E56-8577-49F99CD78E5D}.Release|x86.ActiveCfg = Release|Any CPU
		{C4C91449-6684-4E56-8577-49F99CD78E5D}.Release|x86.Build.0 = Release|Any CPU
		{D5DA2558-7795-4F67-8688-5AD9B0A7B6E6}.Debug|Any CPU.ActiveCfg = Debug|Any CPU
		{D5DA2558-7795-4F67-8688-5AD9B0A7B6E6}.Debug|Any CPU.Build.0 = Debug|Any CPU
		{D5DA2558-7795-4F67-8688-5AD9B0A7B6E6}.Debug|x64.ActiveCfg = Debug|Any CPU
		{D5DA2558-7795-4F67-8688-5AD9B0A7B6E6}.Debug|x64.Build.0 = Debug|Any CPU
		{D5DA2558-7795-4F67-8688-5AD9B0A7B6E6}.Debug|x86.ActiveCfg = Debug|Any CPU
		{D5DA2558-7795-4F67-8688-5AD9B0A7B6E6}.Debug|x86.Build.0 = Debug|Any CPU
		{D5DA2558-7795-4F67-8688-5AD9B0A7B6E6}.Release|Any CPU.ActiveCfg = Release|Any CPU
		{D5DA2558-7795-4F67-8688-5AD9B0A7B6E6}.Release|Any CPU.Build.0 = Release|Any CPU
		{D5DA2558-7795-4F67-8688-5AD9B0A7B6E6}.Release|x64.ActiveCfg = Release|Any CPU
		{D5DA2558-7795-4F67-8688-5AD9B0A7B6E6}.Release|x64.Build.0 = Release|Any CPU
		{D5DA2558-7795-4F67-8688-5AD9B0A7B6E6}.Release|x86.ActiveCfg = Release|Any CPU
		{D5DA2558-7795-4F67-8688-5AD9B0A7B6E6}.Release|x86.Build.0 = Release|Any CPU
		{0C504576-F0E5-4563-B377-7108718B8633}.Debug|Any CPU.ActiveCfg = Debug|Any CPU
		{0C504576-F0E5-4563-B377-7108718B8633}.Debug|Any CPU.Build.0 = Debug|Any CPU
		{0C504576-F0E5-4563-B377-7108718B8633}.Debug|x64.ActiveCfg = Debug|Any CPU
		{0C504576-F0E5-4563-B377-7108718B8633}.Debug|x64.Build.0 = Debug|Any CPU
		{0C504576-F0E5-4563-B377-7108718B8633}.Debug|x86.ActiveCfg = Debug|Any CPU
		{0C504576-F0E5-4563-B377-7108718B8633}.Debug|x86.Build.0 = Debug|Any CPU
		{0C504576-F0E5-4563-B377-7108718B8633}.Release|Any CPU.ActiveCfg = Release|Any CPU
		{0C504576-F0E5-4563-B377-7108718B8633}.Release|Any CPU.Build.0 = Release|Any CPU
		{0C504576-F0E5-4563-B377-7108718B8633}.Release|x64.ActiveCfg = Release|Any CPU
		{0C504576-F0E5-4563-B377-7108718B8633}.Release|x64.Build.0 = Release|Any CPU
		{0C504576-F0E5-4563-B377-7108718B8633}.Release|x86.ActiveCfg = Release|Any CPU
		{0C504576-F0E5-4563-B377-7108718B8633}.Release|x86.Build.0 = Release|Any CPU
		{5F1CA670-4CCD-402B-A6B5-67881BF9442C}.Debug|Any CPU.ActiveCfg = Debug|Any CPU
		{5F1CA670-4CCD-402B-A6B5-67881BF9442C}.Debug|Any CPU.Build.0 = Debug|Any CPU
		{5F1CA670-4CCD-402B-A6B5-67881BF9442C}.Debug|x64.ActiveCfg = Debug|Any CPU
		{5F1CA670-4CCD-402B-A6B5-67881BF9442C}.Debug|x64.Build.0 = Debug|Any CPU
		{5F1CA670-4CCD-402B-A6B5-67881BF9442C}.Debug|x86.ActiveCfg = Debug|Any CPU
		{5F1CA670-4CCD-402B-A6B5-67881BF9442C}.Debug|x86.Build.0 = Debug|Any CPU
		{5F1CA670-4CCD-402B-A6B5-67881BF9442C}.Release|Any CPU.ActiveCfg = Release|Any CPU
		{5F1CA670-4CCD-402B-A6B5-67881BF9442C}.Release|Any CPU.Build.0 = Release|Any CPU
		{5F1CA670-4CCD-402B-A6B5-67881BF9442C}.Release|x64.ActiveCfg = Release|Any CPU
		{5F1CA670-4CCD-402B-A6B5-67881BF9442C}.Release|x64.Build.0 = Release|Any CPU
		{5F1CA670-4CCD-402B-A6B5-67881BF9442C}.Release|x86.ActiveCfg = Release|Any CPU
		{5F1CA670-4CCD-402B-A6B5-67881BF9442C}.Release|x86.Build.0 = Release|Any CPU
		{CD519189-4CCD-41E7-A109-FBB750B95C74}.Debug|Any CPU.ActiveCfg = Debug|Any CPU
		{CD519189-4CCD-41E7-A109-FBB750B95C74}.Debug|Any CPU.Build.0 = Debug|Any CPU
		{CD519189-4CCD-41E7-A109-FBB750B95C74}.Debug|x64.ActiveCfg = Debug|Any CPU
		{CD519189-4CCD-41E7-A109-FBB750B95C74}.Debug|x64.Build.0 = Debug|Any CPU
		{CD519189-4CCD-41E7-A109-FBB750B95C74}.Debug|x86.ActiveCfg = Debug|Any CPU
		{CD519189-4CCD-41E7-A109-FBB750B95C74}.Debug|x86.Build.0 = Debug|Any CPU
		{CD519189-4CCD-41E7-A109-FBB750B95C74}.Release|Any CPU.ActiveCfg = Release|Any CPU
		{CD519189-4CCD-41E7-A109-FBB750B95C74}.Release|Any CPU.Build.0 = Release|Any CPU
		{CD519189-4CCD-41E7-A109-FBB750B95C74}.Release|x64.ActiveCfg = Release|Any CPU
		{CD519189-4CCD-41E7-A109-FBB750B95C74}.Release|x64.Build.0 = Release|Any CPU
		{CD519189-4CCD-41E7-A109-FBB750B95C74}.Release|x86.ActiveCfg = Release|Any CPU
		{CD519189-4CCD-41E7-A109-FBB750B95C74}.Release|x86.Build.0 = Release|Any CPU
		{BBC859C3-751D-46EF-97C3-4038DAB4293C}.Debug|Any CPU.ActiveCfg = Debug|Any CPU
		{BBC859C3-751D-46EF-97C3-4038DAB4293C}.Debug|Any CPU.Build.0 = Debug|Any CPU
		{BBC859C3-751D-46EF-97C3-4038DAB4293C}.Debug|x64.ActiveCfg = Debug|Any CPU
		{BBC859C3-751D-46EF-97C3-4038DAB4293C}.Debug|x64.Build.0 = Debug|Any CPU
		{BBC859C3-751D-46EF-97C3-4038DAB4293C}.Debug|x86.ActiveCfg = Debug|Any CPU
		{BBC859C3-751D-46EF-97C3-4038DAB4293C}.Debug|x86.Build.0 = Debug|Any CPU
		{BBC859C3-751D-46EF-97C3-4038DAB4293C}.Release|Any CPU.ActiveCfg = Release|Any CPU
		{BBC859C3-751D-46EF-97C3-4038DAB4293C}.Release|Any CPU.Build.0 = Release|Any CPU
		{BBC859C3-751D-46EF-97C3-4038DAB4293C}.Release|x64.ActiveCfg = Release|Any CPU
		{BBC859C3-751D-46EF-97C3-4038DAB4293C}.Release|x64.Build.0 = Release|Any CPU
		{BBC859C3-751D-46EF-97C3-4038DAB4293C}.Release|x86.ActiveCfg = Release|Any CPU
		{BBC859C3-751D-46EF-97C3-4038DAB4293C}.Release|x86.Build.0 = Release|Any CPU
		{3ADECBCC-8E39-46C3-B9FC-FDE93C15FACD}.Debug|Any CPU.ActiveCfg = Debug|Any CPU
		{3ADECBCC-8E39-46C3-B9FC-FDE93C15FACD}.Debug|Any CPU.Build.0 = Debug|Any CPU
		{3ADECBCC-8E39-46C3-B9FC-FDE93C15FACD}.Debug|x64.ActiveCfg = Debug|Any CPU
		{3ADECBCC-8E39-46C3-B9FC-FDE93C15FACD}.Debug|x64.Build.0 = Debug|Any CPU
		{3ADECBCC-8E39-46C3-B9FC-FDE93C15FACD}.Debug|x86.ActiveCfg = Debug|Any CPU
		{3ADECBCC-8E39-46C3-B9FC-FDE93C15FACD}.Debug|x86.Build.0 = Debug|Any CPU
		{3ADECBCC-8E39-46C3-B9FC-FDE93C15FACD}.Release|Any CPU.ActiveCfg = Release|Any CPU
		{3ADECBCC-8E39-46C3-B9FC-FDE93C15FACD}.Release|Any CPU.Build.0 = Release|Any CPU
		{3ADECBCC-8E39-46C3-B9FC-FDE93C15FACD}.Release|x64.ActiveCfg = Release|Any CPU
		{3ADECBCC-8E39-46C3-B9FC-FDE93C15FACD}.Release|x64.Build.0 = Release|Any CPU
		{3ADECBCC-8E39-46C3-B9FC-FDE93C15FACD}.Release|x86.ActiveCfg = Release|Any CPU
		{3ADECBCC-8E39-46C3-B9FC-FDE93C15FACD}.Release|x86.Build.0 = Release|Any CPU
		{8D0A2AE4-4BEA-45B6-8D2D-BBB0DDF9964E}.Debug|Any CPU.ActiveCfg = Debug|Any CPU
		{8D0A2AE4-4BEA-45B6-8D2D-BBB0DDF9964E}.Debug|Any CPU.Build.0 = Debug|Any CPU
		{8D0A2AE4-4BEA-45B6-8D2D-BBB0DDF9964E}.Debug|x64.ActiveCfg = Debug|Any CPU
		{8D0A2AE4-4BEA-45B6-8D2D-BBB0DDF9964E}.Debug|x64.Build.0 = Debug|Any CPU
		{8D0A2AE4-4BEA-45B6-8D2D-BBB0DDF9964E}.Debug|x86.ActiveCfg = Debug|Any CPU
		{8D0A2AE4-4BEA-45B6-8D2D-BBB0DDF9964E}.Debug|x86.Build.0 = Debug|Any CPU
		{8D0A2AE4-4BEA-45B6-8D2D-BBB0DDF9964E}.Release|Any CPU.ActiveCfg = Release|Any CPU
		{8D0A2AE4-4BEA-45B6-8D2D-BBB0DDF9964E}.Release|Any CPU.Build.0 = Release|Any CPU
		{8D0A2AE4-4BEA-45B6-8D2D-BBB0DDF9964E}.Release|x64.ActiveCfg = Release|Any CPU
		{8D0A2AE4-4BEA-45B6-8D2D-BBB0DDF9964E}.Release|x64.Build.0 = Release|Any CPU
		{8D0A2AE4-4BEA-45B6-8D2D-BBB0DDF9964E}.Release|x86.ActiveCfg = Release|Any CPU
		{8D0A2AE4-4BEA-45B6-8D2D-BBB0DDF9964E}.Release|x86.Build.0 = Release|Any CPU
		{F5F6E55D-30B1-40C3-A71A-CEE2540EC10B}.Debug|Any CPU.ActiveCfg = Debug|Any CPU
		{F5F6E55D-30B1-40C3-A71A-CEE2540EC10B}.Debug|Any CPU.Build.0 = Debug|Any CPU
		{F5F6E55D-30B1-40C3-A71A-CEE2540EC10B}.Debug|x64.ActiveCfg = Debug|Any CPU
		{F5F6E55D-30B1-40C3-A71A-CEE2540EC10B}.Debug|x64.Build.0 = Debug|Any CPU
		{F5F6E55D-30B1-40C3-A71A-CEE2540EC10B}.Debug|x86.ActiveCfg = Debug|Any CPU
		{F5F6E55D-30B1-40C3-A71A-CEE2540EC10B}.Debug|x86.Build.0 = Debug|Any CPU
		{F5F6E55D-30B1-40C3-A71A-CEE2540EC10B}.Release|Any CPU.ActiveCfg = Release|Any CPU
		{F5F6E55D-30B1-40C3-A71A-CEE2540EC10B}.Release|Any CPU.Build.0 = Release|Any CPU
		{F5F6E55D-30B1-40C3-A71A-CEE2540EC10B}.Release|x64.ActiveCfg = Release|Any CPU
		{F5F6E55D-30B1-40C3-A71A-CEE2540EC10B}.Release|x64.Build.0 = Release|Any CPU
		{F5F6E55D-30B1-40C3-A71A-CEE2540EC10B}.Release|x86.ActiveCfg = Release|Any CPU
		{F5F6E55D-30B1-40C3-A71A-CEE2540EC10B}.Release|x86.Build.0 = Release|Any CPU
	EndGlobalSection
	GlobalSection(SolutionProperties) = preSolution
		HideSolutionNode = FALSE
	EndGlobalSection
	GlobalSection(NestedProjects) = preSolution
		{C4C91449-6684-4E56-8577-49F99CD78E5D} = {827E0CD3-B72D-47B6-A68D-7590B98EB39B}
		{D5DA2558-7795-4F67-8688-5AD9B0A7B6E6} = {827E0CD3-B72D-47B6-A68D-7590B98EB39B}
		{0C504576-F0E5-4563-B377-7108718B8633} = {827E0CD3-B72D-47B6-A68D-7590B98EB39B}
		{5F1CA670-4CCD-402B-A6B5-67881BF9442C} = {827E0CD3-B72D-47B6-A68D-7590B98EB39B}
		{CD519189-4CCD-41E7-A109-FBB750B95C74} = {827E0CD3-B72D-47B6-A68D-7590B98EB39B}
		{BBC859C3-751D-46EF-97C3-4038DAB4293C} = {827E0CD3-B72D-47B6-A68D-7590B98EB39B}
		{3ADECBCC-8E39-46C3-B9FC-FDE93C15FACD} = {827E0CD3-B72D-47B6-A68D-7590B98EB39B}
		{8D0A2AE4-4BEA-45B6-8D2D-BBB0DDF9964E} = {827E0CD3-B72D-47B6-A68D-7590B98EB39B}
		{F5F6E55D-30B1-40C3-A71A-CEE2540EC10B} = {827E0CD3-B72D-47B6-A68D-7590B98EB39B}
	EndGlobalSection
EndGlobal
